
Microsoft Visual Studio Solution File, Format Version 12.00
# Visual Studio 15
Project("{FAE04EC0-301F-11D3-BF4B-00C04F79EFBC}") = "First try", "First try.csproj", "{41578F54-83F4-393E-68D3-4E1FC90677DD}"
EndProject
Global
	GlobalSection(SolutionConfigurationPlatforms) = preSolution
		Debug|Any CPU = Debug|Any CPU
		Release|Any CPU = Release|Any CPU
	EndGlobalSection
	GlobalSection(ProjectConfigurationPlatforms) = postSolution
		{41578F54-83F4-393E-68D3-4E1FC90677DD}.Debug|Any CPU.ActiveCfg = Debug|Any CPU
		{41578F54-83F4-393E-68D3-4E1FC90677DD}.Debug|Any CPU.Build.0 = Debug|Any CPU
		{41578F54-83F4-393E-68D3-4E1FC90677DD}.Release|Any CPU.ActiveCfg = Release|Any CPU
		{41578F54-83F4-393E-68D3-4E1FC90677DD}.Release|Any CPU.Build.0 = Release|Any CPU
	EndGlobalSection
	GlobalSection(SolutionProperties) = preSolution
		HideSolutionNode = FALSE
	EndGlobalSection
EndGlobal
